github.com/adrg/xdg v0.5.3 h1:xRnxJXne7+oWDatRhR1JLnvuccuIeCoBu2rtuLqQB78=
github.com/adrg/xdg v0.5.3/go.mod h1:nlTsY+NNiCBGCK2tpm09vRqfVzrc2fLmXGpBLF0zlTQ=
github.com/golang/protobuf v1.5.4 h1:i7eJL8qZTpSEXOPTxNKhASYpMn+8e5Q6AdndVa1dWek=
github.com/golang/protobuf v1.5.4/go.mod h1:lnTiLA8Wa4RWRcIUkrtSVa5nRhsEGBg48fD6rSs7xps=
github.com/google/go-cmp v0.7.0 h1:wk8382ETsv4JYUZwIsn6YpYiWiBsYLSJiTsyBybVuN8=
github.com/google/go-cmp v0.7.0/go.mod h1:pXiqmnSA92OHEEa9HXL2W4E7lf9JzCmGVUdgjX3N/iU=
github.com/miekg/dns v1.1.73 h1:uhT8nJxmTrPJYClxVxTCX+CVn6qnzSiybRk72Z6DgrE=
github.com/miekg/dns v1.1.73/go.mod h1:RW2Obtfd5NZHvOFe3zYG0W8koWOQtAzyHaLo8vASBuQ=
github.com/sagernet/sing v0.9.6-0.20260922013354-87c33f17688f h1:t2lyXQFJmCPsybxKqYE8YlfDIvxK9Z343HOvAX7pIKA=
github.com/sagernet/sing v0.9.6-0.20260922013354-87c33f17688f/go.mod h1:K3Owt3xPhHugvlnlPPxZJ/exXdaJfEPOTNorGk4AXjo=
github.com/sagernet/sing-box v1.14.2 h1:uZX7iz70o7lzoltR6sElMYP7kI7PVf23r4X0HQSozXM=
github.com/sagernet/sing-box v1.14.2/go.mod h1:O4q0spxb+xwV/p9HYR+Es1cMjK3bBvYl6k08V9rSpwU=
github.com/stretchr/testify v1.12.0 h1:K6Mr6jO9JICuend/5xzTM03ydSV3vdNRYAdPSukj8uI=
github.com/stretchr/testify v1.12.0/go.mod h1:bOYBZb5qJ00vPzWfIqBUZPaxK8jWiXc6d3ErP4Ca9Gw=
github.com/v2fly/v2ray-core/v5 v5.52.0 h1:dkuMxG8H4rY6jSjm0OGPL0TX6N7pJh/OVXprZhH0eQk=
github.com/v2fly/v2ray-core/v5 v5.52.0/go.mod h1:x/Z+yiXPQKSLlrvBNHOeKwsSeVcHma/fjn/YVpuV8ao=
go4.org/netipx v0.0.0-20260823151212-3075585bcbeb h1:XBM4hvfwGAttkkiTIFfeigdfcL1xIfdKXqFdgiHGtDs=
go4.org/netipx v0.0.0-20260823151212-3075585bcbeb/go.mod h1:PLyyIXexvUFg3Owu6p/WfdlivPbZJsZdgWZlrGope/Y=
golang.org/x/net v0.59.0 h1:5zfYln+w5XCxwrnMMJPufRgNoXEaGxl0wo5GqPXyues=
golang.org/x/net v0.59.0/go.mod h1:2DA/G1UfVbCpQPeWTmMPGY7Cs2PkBkwu743bVX5PIVg=
golang.org/x/sync v0.23.0 h1:KameEIfc1IkluZyXWLn39Wd4tURc6GbCiISGiZm2bQk=
golang.org/x/sync v0.23.0/go.mod h1:sUUOizhqBxiL6pEWpqNLUiaJn1ShEbZ6BBqskPbjZm0=
golang.org/x/sys v0.48.0 h1:bbX/i/6MgT9BVLM9RT1thmxL04yeTAhbEz4SyadbXoo=
golang.org/x/sys v0.48.0/go.mod h1:hNLxWAXmnKAxqDtdwIYC4bM9oQPEecfsnNMuSxOs3og=
google.golang.org/protobuf v1.36.11 h1:fV6ZwhNocDyBLK0dj+fg8ektcVegBBuEolpbTQyBNVE=
google.golang.org/protobuf v1.36.11/go.mod h1:HTf+CrKn2C3g5S8VImy6tdcUvCska2kB7j23XfzDpco=
gopkg.in/yaml.v3 v3.0.1 h1:fxVm/GzAzEWqLHuvctI91KS9hhNmmWOoWu0XTYJS7CA=
gopkg.in/yaml.v3 v3.0.1/go.mod h1:K4uyk7z7BCEPqu6E+C64Yfv1cQ7kz7rIZviUmN+EgEM=
